
Microsoft Visual Studio Solution File, Format Version 12.00
# Visual Studio Version 17
VisualStudioVersion = 17.8.34511.84
MinimumVisualStudioVersion = 10.0.40219.1
Project("{2150E333-8FDC-42A3-9474-1A3956D46DE8}") = "Session 1 - repetition Collections", "Session 1 - repetition Collections", "{1CEAB379-854A-4678-BBF3-A119117042E3}"
EndProject
Project("{2150E333-8FDC-42A3-9474-1A3956D46DE8}") = "Session 1 - repetition LINQ", "Session 1 - repetition LINQ", "{9062B1DC-241F-410E-96DE-7B8E1565C4AF}"
EndProject
Project("{9A19103F-16F7-4668-BE54-9A1E7A4F7556}") = "Aflevering 1 - UI", "Aflevering 1 - UI\Aflevering 1 - UI.csproj", "{1DD23D4E-9044-43CD-8DBF-3C93696208E0}"
EndProject
Project("{9A19103F-16F7-4668-BE54-9A1E7A4F7556}") = "Aflevering 1 - BusinessLogic", "Aflevering 1 - BusinessLogic\Aflevering 1 - BusinessLogic.csproj", "{082334AE-C845-4DD8-ADF6-649A07276CFF}"
EndProject
Project("{9A19103F-16F7-4668-BE54-9A1E7A4F7556}") = "Aflevering 1 - Models", "Aflevering 1 - Models\Aflevering 1 - Models.csproj", "{3C423293-5A29-49CE-8FC0-BDDC8EE589B9}"
EndProject
Project("{9A19103F-16F7-4668-BE54-9A1E7A4F7556}") = "Aflevering 1 - DataAccess", "Aflevering 1 - DataAccess\Aflevering 1 - DataAccess.csproj", "{26A4719A-544D-46E6-961F-E76D0BDBCC23}"
EndProject
Project("{9A19103F-16F7-4668-BE54-9A1E7A4F7556}") = "Session 1 - Models video 1 - Properties", "Session 1 - Models video 1 - Properties\Session 1 - Models video 1 - Properties.csproj", "{463B63D4-EAD2-4FB2-9851-40F0793A1F88}"
EndProject
Project("{9A19103F-16F7-4668-BE54-9A1E7A4F7556}") = "Session 1 - Models video 2 - DateTime", "Session 1 - Models video 2 - DateTime\Session 1 - Models video 2 - DateTime.csproj", "{CC9EE62B-E109-4B03-AB21-69E3DB35E388}"
EndProject
Project("{9A19103F-16F7-4668-BE54-9A1E7A4F7556}") = "Session 1 - Models video 3 - Arkitektur", "Session 1 - Models video 3 - Arkitektur\Session 1 - Models video 3 - Arkitektur.csproj", "{E50B6C09-A906-4A09-B35E-401C66D20A81}"
EndProject
Project("{9A19103F-16F7-4668-BE54-9A1E7A4F7556}") = "Session 1 - Models video 4 - UI", "Session 1 - Models video 4 - UI\Session 1 - Models video 4 - UI.csproj", "{A8033FAB-8C0C-49B3-8252-02416C5E307B}"
EndProject
Project("{9A19103F-16F7-4668-BE54-9A1E7A4F7556}") = "Session 1 - Models video 4 - Models", "Session 1 - Models video 4 - Models\Session 1 - Models video 4 - Models.csproj", "{1131C509-7620-47A0-86CA-D711C4D1BD98}"
EndProject
Project("{2150E333-8FDC-42A3-9474-1A3956D46DE8}") = "Session 1 - Models video 1 - Properties", "Session 1 - Models video 1 - Properties", "{4D3C0B85-E051-47BE-975A-4448B01692C5}"
EndProject
Project("{2150E333-8FDC-42A3-9474-1A3956D46DE8}") = "Session 1 - Models video 2 - DateTime", "Session 1 - Models video 2 - DateTime", "{3C7518A7-A4C2-4A37-AF3C-3F4593D8C15F}"
EndProject
Project("{2150E333-8FDC-42A3-9474-1A3956D46DE8}") = "Session 1 - Models video 3 - Arkitektur", "Session 1 - Models video 3 - Arkitektur", "{F02297F5-743A-4F8F-B82E-5825183EE725}"
EndProject
Project("{2150E333-8FDC-42A3-9474-1A3956D46DE8}") = "Session 1 - Models video 4 - Class library", "Session 1 - Models video 4 - Class library", "{6CB5828C-1213-4968-9195-3D08E0DD125E}"
EndProject
Project("{9A19103F-16F7-4668-BE54-9A1E7A4F7556}") = "Session 1 - Models video 4 - BusinessLogic", "Session 1 - Models video 4 - BusinessLogic\Session 1 - Models video 4 - BusinessLogic.csproj", "{4B822172-8ABB-44BF-AED6-18E871F935E8}"
EndProject
Project("{9A19103F-16F7-4668-BE54-9A1E7A4F7556}") = "Session 1 - Models video 4 - DataAccess", "Session 1 - Models video 4 - DataAccess\Session 1 - Models video 4 - DataAccess.csproj", "{B37E232E-4710-4260-A65D-FA7DE7E42478}"
EndProject
Project("{9A19103F-16F7-4668-BE54-9A1E7A4F7556}") = "Session 1 - Models video 4 - WinForm", "Session 1 - Models video 4 - WinForm\Session 1 - Models video 4 - WinForm.csproj", "{9770E776-B23C-43D8-BBA5-1DCD2DA26DAA}"
EndProject
Project("{2150E333-8FDC-42A3-9474-1A3956D46DE8}") = "Session 1 - Csv filer - video 6", "Session 1 - Csv filer - video 6", "{F0A696A6-DF44-406E-86AE-29ECA799DE15}"
EndProject
Project("{9A19103F-16F7-4668-BE54-9A1E7A4F7556}") = "Session 1 - Csv filer - video 6", "Session 1 - Csv filer - video 6\Session 1 - Csv filer - video 6.csproj", "{1FFAA257-06ED-490F-9F36-82E01337BD0C}"
EndProject
Project("{FAE04EC0-301F-11D3-BF4B-00C04F79EFBC}") = "Session 1 - repetition - LINQ", "Session 1 - repitition - LINQ\Session 1 - repetition - LINQ.csproj", "{2CBF40A2-3281-4BFB-909A-D9412E191316}"
EndProject
Project("{FAE04EC0-301F-11D3-BF4B-00C04F79EFBC}") = "Session 1 - repetition - List", "Session 1 - repetition - List\Session 1 - repetition - List.csproj", "{2631ACE0-5235-4E3A-B7B4-34FE5549A655}"
EndProject
Project("{FAE04EC0-301F-11D3-BF4B-00C04F79EFBC}") = "Session 1 - repetition - Dictonary", "Session 1 - repetition - Dictonary\Session 1 - repetition - Dictonary.csproj", "{4A5D3405-C760-4979-8B57-8C0DCB6CE09A}"
EndProject
Project("{2150E333-8FDC-42A3-9474-1A3956D46DE8}") = "Session 2 - repetition Models", "Session 2 - repetition Models", "{550F4493-602C-4CDA-9A18-293F74ECED3A}"
EndProject
Global
	GlobalSection(SolutionConfigurationPlatforms) = preSolution
		Debug|Any CPU = Debug|Any CPU
		Release|Any CPU = Release|Any CPU
	EndGlobalSection
	GlobalSection(ProjectConfigurationPlatforms) = postSolution
		{1DD23D4E-9044-43CD-8DBF-3C93696208E0}.Debug|Any CPU.ActiveCfg = Debug|Any CPU
		{1DD23D4E-9044-43CD-8DBF-3C93696208E0}.Debug|Any CPU.Build.0 = Debug|Any CPU
		{1DD23D4E-9044-43CD-8DBF-3C93696208E0}.Release|Any CPU.ActiveCfg = Release|Any CPU
		{1DD23D4E-9044-43CD-8DBF-3C93696208E0}.Release|Any CPU.Build.0 = Release|Any CPU
		{082334AE-C845-4DD8-ADF6-649A07276CFF}.Debug|Any CPU.ActiveCfg = Debug|Any CPU
		{082334AE-C845-4DD8-ADF6-649A07276CFF}.Debug|Any CPU.Build.0 = Debug|Any CPU
		{082334AE-C845-4DD8-ADF6-649A07276CFF}.Release|Any CPU.ActiveCfg = Release|Any CPU
		{082334AE-C845-4DD8-ADF6-649A07276CFF}.Release|Any CPU.Build.0 = Release|Any CPU
		{3C423293-5A29-49CE-8FC0-BDDC8EE589B9}.Debug|Any CPU.ActiveCfg = Debug|Any CPU
		{3C423293-5A29-49CE-8FC0-BDDC8EE589B9}.Debug|Any CPU.Build.0 = Debug|Any CPU
		{3C423293-5A29-49CE-8FC0-BDDC8EE589B9}.Release|Any CPU.ActiveCfg = Release|Any CPU
		{3C423293-5A29-49CE-8FC0-BDDC8EE589B9}.Release|Any CPU.Build.0 = Release|Any CPU
		{26A4719A-544D-46E6-961F-E76D0BDBCC23}.Debug|Any CPU.ActiveCfg = Debug|Any CPU
		{26A4719A-544D-46E6-961F-E76D0BDBCC23}.Debug|Any CPU.Build.0 = Debug|Any CPU
		{26A4719A-544D-46E6-961F-E76D0BDBCC23}.Release|Any CPU.ActiveCfg = Release|Any CPU
		{26A4719A-544D-46E6-961F-E76D0BDBCC23}.Release|Any CPU.Build.0 = Release|Any CPU
		{463B63D4-EAD2-4FB2-9851-40F0793A1F88}.Debug|Any CPU.ActiveCfg = Debug|Any CPU
		{463B63D4-EAD2-4FB2-9851-40F0793A1F88}.Debug|Any CPU.Build.0 = Debug|Any CPU
		{463B63D4-EAD2-4FB2-9851-40F0793A1F88}.Release|Any CPU.ActiveCfg = Release|Any CPU
		{463B63D4-EAD2-4FB2-9851-40F0793A1F88}.Release|Any CPU.Build.0 = Release|Any CPU
		{CC9EE62B-E109-4B03-AB21-69E3DB35E388}.Debug|Any CPU.ActiveCfg = Debug|Any CPU
		{CC9EE62B-E109-4B03-AB21-69E3DB35E388}.Debug|Any CPU.Build.0 = Debug|Any CPU
		{CC9EE62B-E109-4B03-AB21-69E3DB35E388}.Release|Any CPU.ActiveCfg = Release|Any CPU
		{CC9EE62B-E109-4B03-AB21-69E3DB35E388}.Release|Any CPU.Build.0 = Release|Any CPU
		{E50B6C09-A906-4A09-B35E-401C66D20A81}.Debug|Any CPU.ActiveCfg = Debug|Any CPU
		{E50B6C09-A906-4A09-B35E-401C66D20A81}.Debug|Any CPU.Build.0 = Debug|Any CPU
		{E50B6C09-A906-4A09-B35E-401C66D20A81}.Release|Any CPU.ActiveCfg = Release|Any CPU
		{E50B6C09-A906-4A09-B35E-401C66D20A81}.Release|Any CPU.Build.0 = Release|Any CPU
		{A8033FAB-8C0C-49B3-8252-02416C5E307B}.Debug|Any CPU.ActiveCfg = Debug|Any CPU
		{A8033FAB-8C0C-49B3-8252-02416C5E307B}.Debug|Any CPU.Build.0 = Debug|Any CPU
		{A8033FAB-8C0C-49B3-8252-02416C5E307B}.Release|Any CPU.ActiveCfg = Release|Any CPU
		{A8033FAB-8C0C-49B3-8252-02416C5E307B}.Release|Any CPU.Build.0 = Release|Any CPU
		{1131C509-7620-47A0-86CA-D711C4D1BD98}.Debug|Any CPU.ActiveCfg = Debug|Any CPU
		{1131C509-7620-47A0-86CA-D711C4D1BD98}.Debug|Any CPU.Build.0 = Debug|Any CPU
		{1131C509-7620-47A0-86CA-D711C4D1BD98}.Release|Any CPU.ActiveCfg = Release|Any CPU
		{1131C509-7620-47A0-86CA-D711C4D1BD98}.Release|Any CPU.Build.0 = Release|Any CPU
		{4B822172-8ABB-44BF-AED6-18E871F935E8}.Debug|Any CPU.ActiveCfg = Debug|Any CPU
		{4B822172-8ABB-44BF-AED6-18E871F935E8}.Debug|Any CPU.Build.0 = Debug|Any CPU
		{4B822172-8ABB-44BF-AED6-18E871F935E8}.Release|Any CPU.ActiveCfg = Release|Any CPU
		{4B822172-8ABB-44BF-AED6-18E871F935E8}.Release|Any CPU.Build.0 = Release|Any CPU
		{B37E232E-4710-4260-A65D-FA7DE7E42478}.Debug|Any CPU.ActiveCfg = Debug|Any CPU
		{B37E232E-4710-4260-A65D-FA7DE7E42478}.Debug|Any CPU.Build.0 = Debug|Any CPU
		{B37E232E-4710-4260-A65D-FA7DE7E42478}.Release|Any CPU.ActiveCfg = Release|Any CPU
		{B37E232E-4710-4260-A65D-FA7DE7E42478}.Release|Any CPU.Build.0 = Release|Any CPU
		{9770E776-B23C-43D8-BBA5-1DCD2DA26DAA}.Debug|Any CPU.ActiveCfg = Debug|Any CPU
		{9770E776-B23C-43D8-BBA5-1DCD2DA26DAA}.Debug|Any CPU.Build.0 = Debug|Any CPU
		{9770E776-B23C-43D8-BBA5-1DCD2DA26DAA}.Release|Any CPU.ActiveCfg = Release|Any CPU
		{9770E776-B23C-43D8-BBA5-1DCD2DA26DAA}.Release|Any CPU.Build.0 = Release|Any CPU
		{1FFAA257-06ED-490F-9F36-82E01337BD0C}.Debug|Any CPU.ActiveCfg = Debug|Any CPU
		{1FFAA257-06ED-490F-9F36-82E01337BD0C}.Debug|Any CPU.Build.0 = Debug|Any CPU
		{1FFAA257-06ED-490F-9F36-82E01337BD0C}.Release|Any CPU.ActiveCfg = Release|Any CPU
		{1FFAA257-06ED-490F-9F36-82E01337BD0C}.Release|Any CPU.Build.0 = Release|Any CPU
		{2CBF40A2-3281-4BFB-909A-D9412E191316}.Debug|Any CPU.ActiveCfg = Debug|Any CPU
		{2CBF40A2-3281-4BFB-909A-D9412E191316}.Debug|Any CPU.Build.0 = Debug|Any CPU
		{2CBF40A2-3281-4BFB-909A-D9412E191316}.Release|Any CPU.ActiveCfg = Release|Any CPU
		{2CBF40A2-3281-4BFB-909A-D9412E191316}.Release|Any CPU.Build.0 = Release|Any CPU
		{2631ACE0-5235-4E3A-B7B4-34FE5549A655}.Debug|Any CPU.ActiveCfg = Debug|Any CPU
		{2631ACE0-5235-4E3A-B7B4-34FE5549A655}.Debug|Any CPU.Build.0 = Debug|Any CPU
		{2631ACE0-5235-4E3A-B7B4-34FE5549A655}.Release|Any CPU.ActiveCfg = Release|Any CPU
		{2631ACE0-5235-4E3A-B7B4-34FE5549A655}.Release|Any CPU.Build.0 = Release|Any CPU
		{4A5D3405-C760-4979-8B57-8C0DCB6CE09A}.Debug|Any CPU.ActiveCfg = Debug|Any CPU
		{4A5D3405-C760-4979-8B57-8C0DCB6CE09A}.Debug|Any CPU.Build.0 = Debug|Any CPU
		{4A5D3405-C760-4979-8B57-8C0DCB6CE09A}.Release|Any CPU.ActiveCfg = Release|Any CPU
		{4A5D3405-C760-4979-8B57-8C0DCB6CE09A}.Release|Any CPU.Build.0 = Release|Any CPU
	EndGlobalSection
	GlobalSection(SolutionProperties) = preSolution
		HideSolutionNode = FALSE
	EndGlobalSection
	GlobalSection(NestedProjects) = preSolution
		{1DD23D4E-9044-43CD-8DBF-3C93696208E0} = {550F4493-602C-4CDA-9A18-293F74ECED3A}
		{082334AE-C845-4DD8-ADF6-649A07276CFF} = {550F4493-602C-4CDA-9A18-293F74ECED3A}
		{3C423293-5A29-49CE-8FC0-BDDC8EE589B9} = {550F4493-602C-4CDA-9A18-293F74ECED3A}
		{26A4719A-544D-46E6-961F-E76D0BDBCC23} = {550F4493-602C-4CDA-9A18-293F74ECED3A}
		{463B63D4-EAD2-4FB2-9851-40F0793A1F88} = {4D3C0B85-E051-47BE-975A-4448B01692C5}
		{CC9EE62B-E109-4B03-AB21-69E3DB35E388} = {3C7518A7-A4C2-4A37-AF3C-3F4593D8C15F}
		{E50B6C09-A906-4A09-B35E-401C66D20A81} = {F02297F5-743A-4F8F-B82E-5825183EE725}
		{A8033FAB-8C0C-49B3-8252-02416C5E307B} = {6CB5828C-1213-4968-9195-3D08E0DD125E}
		{1131C509-7620-47A0-86CA-D711C4D1BD98} = {6CB5828C-1213-4968-9195-3D08E0DD125E}
		{4B822172-8ABB-44BF-AED6-18E871F935E8} = {6CB5828C-1213-4968-9195-3D08E0DD125E}
		{B37E232E-4710-4260-A65D-FA7DE7E42478} = {6CB5828C-1213-4968-9195-3D08E0DD125E}
		{9770E776-B23C-43D8-BBA5-1DCD2DA26DAA} = {6CB5828C-1213-4968-9195-3D08E0DD125E}
		{1FFAA257-06ED-490F-9F36-82E01337BD0C} = {F0A696A6-DF44-406E-86AE-29ECA799DE15}
		{2CBF40A2-3281-4BFB-909A-D9412E191316} = {9062B1DC-241F-410E-96DE-7B8E1565C4AF}
		{2631ACE0-5235-4E3A-B7B4-34FE5549A655} = {1CEAB379-854A-4678-BBF3-A119117042E3}
		{4A5D3405-C760-4979-8B57-8C0DCB6CE09A} = {1CEAB379-854A-4678-BBF3-A119117042E3}
	EndGlobalSection
	GlobalSection(ExtensibilityGlobals) = postSolution
		SolutionGuid = {73BB807C-5087-4653-B94F-F9641CC2FDDA}
	EndGlobalSection
EndGlobal
