
Microsoft Visual Studio Solution File, Format Version 12.00
# Visual Studio Version 17
VisualStudioVersion = 17.8.34511.84
MinimumVisualStudioVersion = 10.0.40219.1
Project("{2150E333-8FDC-42A3-9474-1A3956D46DE8}") = "Session 1 - repetition Collections", "Session 1 - repetition Collections", "{1CEAB379-854A-4678-BBF3-A119117042E3}"
EndProject
Project("{2150E333-8FDC-42A3-9474-1A3956D46DE8}") = "Session 1 - repetition LINQ", "Session 1 - repetition LINQ", "{9062B1DC-241F-410E-96DE-7B8E1565C4AF}"
EndProject
Project("{9A19103F-16F7-4668-BE54-9A1E7A4F7556}") = "Session 1 - Models video 1 - Properties", "Session 1 - Models video 1 - Properties\Session 1 - Models video 1 - Properties.csproj", "{463B63D4-EAD2-4FB2-9851-40F0793A1F88}"
EndProject
Project("{9A19103F-16F7-4668-BE54-9A1E7A4F7556}") = "Session 1 - Models video 2 - DateTime", "Session 1 - Models video 2 - DateTime\Session 1 - Models video 2 - DateTime.csproj", "{CC9EE62B-E109-4B03-AB21-69E3DB35E388}"
EndProject
Project("{9A19103F-16F7-4668-BE54-9A1E7A4F7556}") = "Session 1 - Models video 3 - Arkitektur", "Session 1 - Models video 3 - Arkitektur\Session 1 - Models video 3 - Arkitektur.csproj", "{E50B6C09-A906-4A09-B35E-401C66D20A81}"
EndProject
Project("{9A19103F-16F7-4668-BE54-9A1E7A4F7556}") = "Session 1 - Models video 4 - UI", "Session 1 - Models video 4 - UI\Session 1 - Models video 4 - UI.csproj", "{A8033FAB-8C0C-49B3-8252-02416C5E307B}"
EndProject
Project("{9A19103F-16F7-4668-BE54-9A1E7A4F7556}") = "Session 1 - Models video 4 - Models", "Session 1 - Models video 4 - Models\Session 1 - Models video 4 - Models.csproj", "{1131C509-7620-47A0-86CA-D711C4D1BD98}"
EndProject
Project("{2150E333-8FDC-42A3-9474-1A3956D46DE8}") = "Session 1 - Models video 1 - Properties", "Session 1 - Models video 1 - Properties", "{4D3C0B85-E051-47BE-975A-4448B01692C5}"
EndProject
Project("{2150E333-8FDC-42A3-9474-1A3956D46DE8}") = "Session 1 - Models video 2 - DateTime", "Session 1 - Models video 2 - DateTime", "{3C7518A7-A4C2-4A37-AF3C-3F4593D8C15F}"
EndProject
Project("{2150E333-8FDC-42A3-9474-1A3956D46DE8}") = "Session 1 - Models video 3 - Arkitektur", "Session 1 - Models video 3 - Arkitektur", "{F02297F5-743A-4F8F-B82E-5825183EE725}"
EndProject
Project("{2150E333-8FDC-42A3-9474-1A3956D46DE8}") = "Session 1 - Models video 4 - Class library", "Session 1 - Models video 4 - Class library", "{6CB5828C-1213-4968-9195-3D08E0DD125E}"
EndProject
Project("{9A19103F-16F7-4668-BE54-9A1E7A4F7556}") = "Session 1 - Models video 4 - BusinessLogic", "Session 1 - Models video 4 - BusinessLogic\Session 1 - Models video 4 - BusinessLogic.csproj", "{4B822172-8ABB-44BF-AED6-18E871F935E8}"
EndProject
Project("{9A19103F-16F7-4668-BE54-9A1E7A4F7556}") = "Session 1 - Models video 4 - DataAccess", "Session 1 - Models video 4 - DataAccess\Session 1 - Models video 4 - DataAccess.csproj", "{B37E232E-4710-4260-A65D-FA7DE7E42478}"
EndProject
Project("{9A19103F-16F7-4668-BE54-9A1E7A4F7556}") = "Session 1 - Models video 4 - WinForm", "Session 1 - Models video 4 - WinForm\Session 1 - Models video 4 - WinForm.csproj", "{9770E776-B23C-43D8-BBA5-1DCD2DA26DAA}"
EndProject
Project("{9A19103F-16F7-4668-BE54-9A1E7A4F7556}") = "Session 1 - repetition - LINQ Bob Tabor", "Session 1 - repitition - LINQ\Session 1 - repetition - LINQ Bob Tabor.csproj", "{2CBF40A2-3281-4BFB-909A-D9412E191316}"
EndProject
Project("{9A19103F-16F7-4668-BE54-9A1E7A4F7556}") = "Session 1 - repetition - List", "Session 1 - repetition - List\Session 1 - repetition - List.csproj", "{2631ACE0-5235-4E3A-B7B4-34FE5549A655}"
EndProject
Project("{9A19103F-16F7-4668-BE54-9A1E7A4F7556}") = "Session 1 - repetition - Dictonary", "Session 1 - repetition - Dictonary\Session 1 - repetition - Dictonary.csproj", "{4A5D3405-C760-4979-8B57-8C0DCB6CE09A}"
EndProject
Project("{2150E333-8FDC-42A3-9474-1A3956D46DE8}") = "Session 2 - Exercises", "Session 2 - Exercises", "{A1D314EC-D2E5-4D8A-BC80-FE14EECF9655}"
EndProject
Project("{9A19103F-16F7-4668-BE54-9A1E7A4F7556}") = "Session 2 - BL", "Session 2 - BL\Session 2 - BL.csproj", "{E121384E-2157-4B35-AECB-27176A0C8A1B}"
EndProject
Project("{9A19103F-16F7-4668-BE54-9A1E7A4F7556}") = "Session 2 - DA", "Session 2 - DA\Session 2 - DA.csproj", "{22F3CAA4-F101-4784-9F27-3283779A8F77}"
EndProject
Project("{9A19103F-16F7-4668-BE54-9A1E7A4F7556}") = "Session 2 - Models", "Session 2 - Models\Session 2 - Models.csproj", "{0F587E11-B0A0-42CE-A83A-953B03F7B5DB}"
EndProject
Project("{9A19103F-16F7-4668-BE54-9A1E7A4F7556}") = "Session 2 - UI", "Session 2 - UI\Session 2 - UI.csproj", "{91D75A57-CE30-4770-823B-538D1C4D1BF9}"
EndProject
Project("{2150E333-8FDC-42A3-9474-1A3956D46DE8}") = "Session 1 - Models video 6 - Csv filer", "Session 1 - Models video 6 - Csv filer", "{88DE9842-FEBB-4B52-9513-BDB0FB653532}"
EndProject
Project("{9A19103F-16F7-4668-BE54-9A1E7A4F7556}") = "Session 1 - Models video 6 - Csv filer", "Session 1 - Models video 6 - Csv filer\Session 1 - Models video 6 - Csv filer.csproj", "{772F7E92-F3A0-47EE-8FA6-81D4CD3B09FA}"
EndProject
Project("{2150E333-8FDC-42A3-9474-1A3956D46DE8}") = "Session 1 - Models video 5 - WinForms og Database", "Session 1 - Models video 5 - WinForms og Database", "{5B868A63-9505-4773-9E70-576EAE6D1BDC}"
EndProject
Project("{9A19103F-16F7-4668-BE54-9A1E7A4F7556}") = "Session 1 - Models video 5 - DA", "Session 1 - Models video 5 - DA\Session 1 - Models video 5 - DA.csproj", "{E8CD2375-71E4-4E2E-A58A-075D4CDF0296}"
EndProject
Project("{9A19103F-16F7-4668-BE54-9A1E7A4F7556}") = "Session 1 - Models video 5 - BL", "Session 1 - Models video 5 - BL\Session 1 - Models video 5 - BL.csproj", "{6BC2D6EE-442E-4C34-BA18-073A77949298}"
EndProject
Project("{9A19103F-16F7-4668-BE54-9A1E7A4F7556}") = "Session 1 - Models video 5 - Models", "Session 1 - Models video 5 - Models\Session 1 - Models video 5 - Models.csproj", "{E1575A26-37D1-46B4-8910-764EC2C8117C}"
EndProject
Project("{9A19103F-16F7-4668-BE54-9A1E7A4F7556}") = "Session 1 - Models video 5 - TestSqlApp", "Session 1 - Models video 5 - TestSqlApp\Session 1 - Models video 5 - TestSqlApp.csproj", "{714B0093-A60A-488A-93B6-F8850C245103}"
EndProject
Project("{9A19103F-16F7-4668-BE54-9A1E7A4F7556}") = "Session 1 - Models video 5 - ContactsFormApp", "Session 1 - Models video 5 - ContactsFormApp\Session 1 - Models video 5 - ContactsFormApp.csproj", "{32569ADF-90AD-4E39-B575-51BE866656B3}"
EndProject
Project("{2150E333-8FDC-42A3-9474-1A3956D46DE8}") = "Session 1 - repetition Lambda", "Session 1 - repetition Lambda", "{810AC1CE-E238-49E5-9A3C-CDD89640D91A}"
EndProject
Project("{9A19103F-16F7-4668-BE54-9A1E7A4F7556}") = "Session 1 - repetition - Lambda", "Session 1 - repetition - Lambda\Session 1 - repetition - Lambda.csproj", "{7609D3C6-32E8-4CC5-B195-0854DD5FDAB7}"
EndProject
Project("{2150E333-8FDC-42A3-9474-1A3956D46DE8}") = "Session 3 - Threads og Task", "Session 3 - Threads og Task", "{C67EBDAE-2393-4C21-9F45-29E367757E66}"
EndProject
Project("{9A19103F-16F7-4668-BE54-9A1E7A4F7556}") = "Session 3 - 1. Threads InterLocked og LOCK", "Session 3 - InterLocked og LOCK\Session 3 - 1. Threads InterLocked og LOCK.csproj", "{9EF7A424-4102-490A-9B05-779580A59110}"
EndProject
Project("{9A19103F-16F7-4668-BE54-9A1E7A4F7556}") = "Session 3 - 2. Task", "Session 3 - Task\Session 3 - 2. Task.csproj", "{551772B1-2579-4C85-BB53-65ED432AF7FE}"
EndProject
Project("{9A19103F-16F7-4668-BE54-9A1E7A4F7556}") = "Session 3 - 4. Task med Wait()", "Session 3 - Task.Wait()\Session 3 - 4. Task med Wait().csproj", "{346EBB86-E036-4BFF-95BC-6BED982A18F6}"
EndProject
Project("{9A19103F-16F7-4668-BE54-9A1E7A4F7556}") = "Session 3 - 5. Task med Return og ContinueWith", "Session 3 - 5. Task med Return\Session 3 - 5. Task med Return og ContinueWith.csproj", "{174F1ACF-29A5-4F78-A8AB-8C9801455FEA}"
EndProject
Project("{9A19103F-16F7-4668-BE54-9A1E7A4F7556}") = "Session 3 - 6. Metode der er Async", "Session 3 - 6. Metode der er Async\Session 3 - 6. Metode der er Async.csproj", "{FB1E5F8A-DA64-43F4-A39A-BC3F8AD6B6F5}"
EndProject
Project("{9A19103F-16F7-4668-BE54-9A1E7A4F7556}") = "Session 3 - Aflevering - TaskOpgave", "Session 3 - Aflevering - TaskOpgave\Session 3 - Aflevering - TaskOpgave.csproj", "{B63E98F3-4A83-4573-8110-6C2D1E4FDBE2}"
EndProject
Project("{9A19103F-16F7-4668-BE54-9A1E7A4F7556}") = "Session 3 - Aflevering - NyApp", "Session 3 - Aflevering - NyApp\Session 3 - Aflevering - NyApp.csproj", "{43772552-BB39-43E8-A3DC-B2C5264953D0}"
EndProject
Project("{9A19103F-16F7-4668-BE54-9A1E7A4F7556}") = "Session 3 - Aflevering - Forms - UI", "Session 3 - Aflevering - Forms - UI\Session 3 - Aflevering - Forms - UI.csproj", "{E7C6D5B1-92B5-4D8C-8F15-6DDDE1A49500}"
EndProject
Project("{9A19103F-16F7-4668-BE54-9A1E7A4F7556}") = "Session 3 - Aflevering - Forms - DA", "Session 3 - Aflevering - Forms - DA\Session 3 - Aflevering - Forms - DA.csproj", "{5148A859-80D9-44B9-8DF2-186D6ABA74FA}"
EndProject
Project("{9A19103F-16F7-4668-BE54-9A1E7A4F7556}") = "Session 3 - Aflevering - Forms - BL", "Session 3 - Aflevering - Forms - BL\Session 3 - Aflevering - Forms - BL.csproj", "{BE6A7711-6F56-452E-BEC6-4992C85DE2C9}"
EndProject
Project("{9A19103F-16F7-4668-BE54-9A1E7A4F7556}") = "Session 3 - Aflevering - Forms - Models", "Session 3 - Aflevering - Forms - Models\Session 3 - Aflevering - Forms - Models.csproj", "{244343B1-3EB4-417B-A73D-14CE72A4FA3E}"
EndProject
Project("{2150E333-8FDC-42A3-9474-1A3956D46DE8}") = "Session 4 - Async await", "Session 4 - Async await", "{B9BE49B4-6B03-4363-8641-50E5B0A61828}"
EndProject
Project("{9A19103F-16F7-4668-BE54-9A1E7A4F7556}") = "Session 4 - BL", "Session 4 - BL\Session 4 - BL.csproj", "{B123642D-F735-4423-9E09-83411597D3F5}"
EndProject
Project("{9A19103F-16F7-4668-BE54-9A1E7A4F7556}") = "Session 4 - DA", "Session 4 - DA\Session 4 - DA.csproj", "{09ACC7D0-4079-4554-8050-D59E818D2FB4}"
EndProject
Project("{9A19103F-16F7-4668-BE54-9A1E7A4F7556}") = "Session 4 - Models", "Session 4 - Models\Session 4 - Models.csproj", "{9F6EC4A7-DD4C-43D7-981C-090309BD15E4}"
EndProject
Project("{9A19103F-16F7-4668-BE54-9A1E7A4F7556}") = "Session 4 - UI", "Session 4 - UI\Session 4 - UI.csproj", "{DFB6787A-B215-43B0-9636-A37E66C3BF6A}"
EndProject
Project("{9A19103F-16F7-4668-BE54-9A1E7A4F7556}") = "Session 3 - 3. Task med Factory", "Session 3 - Task med Factory\Session 3 - 3. Task med Factory.csproj", "{1698BE8E-3514-4F9A-92A5-89932D7C4C0D}"
EndProject
Project("{9A19103F-16F7-4668-BE54-9A1E7A4F7556}") = "Session 4 - TestApp", "Session 4 - TestApp\Session 4 - TestApp.csproj", "{CEC0E390-78AA-412A-B4ED-8D1640BB2F68}"
EndProject
Project("{2150E333-8FDC-42A3-9474-1A3956D46DE8}") = "Session 5 - AsyncSql", "Session 5 - AsyncSql", "{C38F8F88-1477-4022-9CCE-B56E49A590DB}"
EndProject
Project("{9A19103F-16F7-4668-BE54-9A1E7A4F7556}") = "Session 5 - AsyncSql - UI", "Session 5 - AsyncSql - UI\Session 5 - AsyncSql - UI.csproj", "{7BCFB242-E0FF-4CA0-85C4-92647AEBC0C8}"
EndProject
Project("{9A19103F-16F7-4668-BE54-9A1E7A4F7556}") = "Session 5 - AsyncSql - BL", "Session 5 - AsyncSql - BL\Session 5 - AsyncSql - BL.csproj", "{396FC249-6980-408E-BB28-7C192EE3DD92}"
EndProject
Project("{9A19103F-16F7-4668-BE54-9A1E7A4F7556}") = "Session 5 - AsyncSql - DA", "Session 5 - AsyncSql - DA\Session 5 - AsyncSql - DA.csproj", "{CA0E7984-3F51-4051-A999-060D073A6759}"
EndProject
Project("{9A19103F-16F7-4668-BE54-9A1E7A4F7556}") = "Session 5 - AsyncSql - Models", "Session 5 - AsyncSql - Models\Session 5 - AsyncSql - Models.csproj", "{4B014849-F1C3-436E-969E-F5EDAC6453FA}"
EndProject
Project("{2150E333-8FDC-42A3-9474-1A3956D46DE8}") = "Session 6 - EFC - basic", "Session 6 - EFC - basic", "{043A3925-ABD3-4658-8D1D-B119FD077940}"
EndProject
Project("{9A19103F-16F7-4668-BE54-9A1E7A4F7556}") = "Session 6.1 - ContosoPizza - Persist data til db", "Session 6 - ContosoPizza\Session 6.1 - ContosoPizza - Persist data til db.csproj", "{C61E22C8-7BCA-4C30-92D0-BB1217F9AA03}"
EndProject
Project("{9A19103F-16F7-4668-BE54-9A1E7A4F7556}") = "Session 6 - EFC - intro", "Session 6 - EFC - Exercise\Session 6 - EFC - intro.csproj", "{D52018C8-60A9-4CEF-BF85-D0F1D894B912}"
EndProject
Project("{9A19103F-16F7-4668-BE54-9A1E7A4F7556}") = "Session 6 - EFC - Aflevering", "Session 6 - EFC - Aflevering\Session 6 - EFC - Aflevering.csproj", "{DFF8505D-EEF0-4CE8-8DB6-88D3916CCDF1}"
EndProject
Project("{9A19103F-16F7-4668-BE54-9A1E7A4F7556}") = "Session 1 - 74 LINQ extensions", "Session 1 - 74 LINQ extensions\Session 1 - 74 LINQ extensions.csproj", "{16CABF07-62FE-4FB2-AF4D-166BD503210C}"
<<<<<<< HEAD
Project("{2150E333-8FDC-42A3-9474-1A3956D46DE8}") = "Session 7 - EFC udvidet", "Session 7 - EFC udvidet", "{0ADD1200-598D-4F42-ADF0-621113716EB7}"
EndProject
Project("{2150E333-8FDC-42A3-9474-1A3956D46DE8}") = "Undervisning", "Undervisning", "{79982494-CD63-4800-975E-1C74A289BDA4}"
=======
Project("{FAE04EC0-301F-11D3-BF4B-00C04F79EFBC}") = "EntityModels", "EntityModels\EntityModels.csproj", "{D4AF51F8-EBFD-4FBD-8278-5D5702F5A9DB}"
EndProject
Project("{2150E333-8FDC-42A3-9474-1A3956D46DE8}") = "Session 7 - EFC udvidet", "Session 7 - EFC udvidet", "{E7175EB9-4A96-4185-8C2D-04A5F0C44EF8}"
EndProject
Project("{FAE04EC0-301F-11D3-BF4B-00C04F79EFBC}") = "AppStart", "AppStart\AppStart.csproj", "{E58770CC-50D5-4FC0-8BC1-D63C53777BB6}"
EndProject
Project("{FAE04EC0-301F-11D3-BF4B-00C04F79EFBC}") = "Session 7 - Aflevering - Models", "Session 7 - Aflevering - Models\Session 7 - Aflevering - Models.csproj", "{70E4C856-9E06-45DD-B5D9-FDF57F4E58F0}"
EndProject
Project("{FAE04EC0-301F-11D3-BF4B-00C04F79EFBC}") = "BusinessLogic", "BusinessLogic\BusinessLogic.csproj", "{7150762C-196F-4901-9299-31D45F63014F}"
>>>>>>> 6ce130b9942bd6d17e8e4c5e16a983f461f72208
EndProject
Project("{FAE04EC0-301F-11D3-BF4B-00C04F79EFBC}") = "Session 7 - Aflevering - BL", "Session 7 - Aflevering - BL\Session 7 - Aflevering - BL.csproj", "{B9029E86-6BCB-453F-AF66-8D9EDFC58728}"
EndProject
Project("{FAE04EC0-301F-11D3-BF4B-00C04F79EFBC}") = "Session 7 - Aflevering - DA", "Session 7 - Aflevering - DA\Session 7 - Aflevering - DA.csproj", "{7D38650A-627A-45BF-AD5D-08E89AA904CF}"
EndProject
Global
	GlobalSection(SolutionConfigurationPlatforms) = preSolution
		Debug|Any CPU = Debug|Any CPU
		Release|Any CPU = Release|Any CPU
	EndGlobalSection
	GlobalSection(ProjectConfigurationPlatforms) = postSolution
		{463B63D4-EAD2-4FB2-9851-40F0793A1F88}.Debug|Any CPU.ActiveCfg = Debug|Any CPU
		{463B63D4-EAD2-4FB2-9851-40F0793A1F88}.Debug|Any CPU.Build.0 = Debug|Any CPU
		{463B63D4-EAD2-4FB2-9851-40F0793A1F88}.Release|Any CPU.ActiveCfg = Release|Any CPU
		{463B63D4-EAD2-4FB2-9851-40F0793A1F88}.Release|Any CPU.Build.0 = Release|Any CPU
		{CC9EE62B-E109-4B03-AB21-69E3DB35E388}.Debug|Any CPU.ActiveCfg = Debug|Any CPU
		{CC9EE62B-E109-4B03-AB21-69E3DB35E388}.Debug|Any CPU.Build.0 = Debug|Any CPU
		{CC9EE62B-E109-4B03-AB21-69E3DB35E388}.Release|Any CPU.ActiveCfg = Release|Any CPU
		{CC9EE62B-E109-4B03-AB21-69E3DB35E388}.Release|Any CPU.Build.0 = Release|Any CPU
		{E50B6C09-A906-4A09-B35E-401C66D20A81}.Debug|Any CPU.ActiveCfg = Debug|Any CPU
		{E50B6C09-A906-4A09-B35E-401C66D20A81}.Debug|Any CPU.Build.0 = Debug|Any CPU
		{E50B6C09-A906-4A09-B35E-401C66D20A81}.Release|Any CPU.ActiveCfg = Release|Any CPU
		{E50B6C09-A906-4A09-B35E-401C66D20A81}.Release|Any CPU.Build.0 = Release|Any CPU
		{A8033FAB-8C0C-49B3-8252-02416C5E307B}.Debug|Any CPU.ActiveCfg = Debug|Any CPU
		{A8033FAB-8C0C-49B3-8252-02416C5E307B}.Debug|Any CPU.Build.0 = Debug|Any CPU
		{A8033FAB-8C0C-49B3-8252-02416C5E307B}.Release|Any CPU.ActiveCfg = Release|Any CPU
		{A8033FAB-8C0C-49B3-8252-02416C5E307B}.Release|Any CPU.Build.0 = Release|Any CPU
		{1131C509-7620-47A0-86CA-D711C4D1BD98}.Debug|Any CPU.ActiveCfg = Debug|Any CPU
		{1131C509-7620-47A0-86CA-D711C4D1BD98}.Debug|Any CPU.Build.0 = Debug|Any CPU
		{1131C509-7620-47A0-86CA-D711C4D1BD98}.Release|Any CPU.ActiveCfg = Release|Any CPU
		{1131C509-7620-47A0-86CA-D711C4D1BD98}.Release|Any CPU.Build.0 = Release|Any CPU
		{4B822172-8ABB-44BF-AED6-18E871F935E8}.Debug|Any CPU.ActiveCfg = Debug|Any CPU
		{4B822172-8ABB-44BF-AED6-18E871F935E8}.Debug|Any CPU.Build.0 = Debug|Any CPU
		{4B822172-8ABB-44BF-AED6-18E871F935E8}.Release|Any CPU.ActiveCfg = Release|Any CPU
		{4B822172-8ABB-44BF-AED6-18E871F935E8}.Release|Any CPU.Build.0 = Release|Any CPU
		{B37E232E-4710-4260-A65D-FA7DE7E42478}.Debug|Any CPU.ActiveCfg = Debug|Any CPU
		{B37E232E-4710-4260-A65D-FA7DE7E42478}.Debug|Any CPU.Build.0 = Debug|Any CPU
		{B37E232E-4710-4260-A65D-FA7DE7E42478}.Release|Any CPU.ActiveCfg = Release|Any CPU
		{B37E232E-4710-4260-A65D-FA7DE7E42478}.Release|Any CPU.Build.0 = Release|Any CPU
		{9770E776-B23C-43D8-BBA5-1DCD2DA26DAA}.Debug|Any CPU.ActiveCfg = Debug|Any CPU
		{9770E776-B23C-43D8-BBA5-1DCD2DA26DAA}.Debug|Any CPU.Build.0 = Debug|Any CPU
		{9770E776-B23C-43D8-BBA5-1DCD2DA26DAA}.Release|Any CPU.ActiveCfg = Release|Any CPU
		{9770E776-B23C-43D8-BBA5-1DCD2DA26DAA}.Release|Any CPU.Build.0 = Release|Any CPU
		{2CBF40A2-3281-4BFB-909A-D9412E191316}.Debug|Any CPU.ActiveCfg = Debug|Any CPU
		{2CBF40A2-3281-4BFB-909A-D9412E191316}.Debug|Any CPU.Build.0 = Debug|Any CPU
		{2CBF40A2-3281-4BFB-909A-D9412E191316}.Release|Any CPU.ActiveCfg = Release|Any CPU
		{2CBF40A2-3281-4BFB-909A-D9412E191316}.Release|Any CPU.Build.0 = Release|Any CPU
		{2631ACE0-5235-4E3A-B7B4-34FE5549A655}.Debug|Any CPU.ActiveCfg = Debug|Any CPU
		{2631ACE0-5235-4E3A-B7B4-34FE5549A655}.Debug|Any CPU.Build.0 = Debug|Any CPU
		{2631ACE0-5235-4E3A-B7B4-34FE5549A655}.Release|Any CPU.ActiveCfg = Release|Any CPU
		{2631ACE0-5235-4E3A-B7B4-34FE5549A655}.Release|Any CPU.Build.0 = Release|Any CPU
		{4A5D3405-C760-4979-8B57-8C0DCB6CE09A}.Debug|Any CPU.ActiveCfg = Debug|Any CPU
		{4A5D3405-C760-4979-8B57-8C0DCB6CE09A}.Debug|Any CPU.Build.0 = Debug|Any CPU
		{4A5D3405-C760-4979-8B57-8C0DCB6CE09A}.Release|Any CPU.ActiveCfg = Release|Any CPU
		{4A5D3405-C760-4979-8B57-8C0DCB6CE09A}.Release|Any CPU.Build.0 = Release|Any CPU
		{E121384E-2157-4B35-AECB-27176A0C8A1B}.Debug|Any CPU.ActiveCfg = Debug|Any CPU
		{E121384E-2157-4B35-AECB-27176A0C8A1B}.Debug|Any CPU.Build.0 = Debug|Any CPU
		{E121384E-2157-4B35-AECB-27176A0C8A1B}.Release|Any CPU.ActiveCfg = Release|Any CPU
		{E121384E-2157-4B35-AECB-27176A0C8A1B}.Release|Any CPU.Build.0 = Release|Any CPU
		{22F3CAA4-F101-4784-9F27-3283779A8F77}.Debug|Any CPU.ActiveCfg = Debug|Any CPU
		{22F3CAA4-F101-4784-9F27-3283779A8F77}.Debug|Any CPU.Build.0 = Debug|Any CPU
		{22F3CAA4-F101-4784-9F27-3283779A8F77}.Release|Any CPU.ActiveCfg = Release|Any CPU
		{22F3CAA4-F101-4784-9F27-3283779A8F77}.Release|Any CPU.Build.0 = Release|Any CPU
		{0F587E11-B0A0-42CE-A83A-953B03F7B5DB}.Debug|Any CPU.ActiveCfg = Debug|Any CPU
		{0F587E11-B0A0-42CE-A83A-953B03F7B5DB}.Debug|Any CPU.Build.0 = Debug|Any CPU
		{0F587E11-B0A0-42CE-A83A-953B03F7B5DB}.Release|Any CPU.ActiveCfg = Release|Any CPU
		{0F587E11-B0A0-42CE-A83A-953B03F7B5DB}.Release|Any CPU.Build.0 = Release|Any CPU
		{91D75A57-CE30-4770-823B-538D1C4D1BF9}.Debug|Any CPU.ActiveCfg = Debug|Any CPU
		{91D75A57-CE30-4770-823B-538D1C4D1BF9}.Debug|Any CPU.Build.0 = Debug|Any CPU
		{91D75A57-CE30-4770-823B-538D1C4D1BF9}.Release|Any CPU.ActiveCfg = Release|Any CPU
		{91D75A57-CE30-4770-823B-538D1C4D1BF9}.Release|Any CPU.Build.0 = Release|Any CPU
		{772F7E92-F3A0-47EE-8FA6-81D4CD3B09FA}.Debug|Any CPU.ActiveCfg = Debug|Any CPU
		{772F7E92-F3A0-47EE-8FA6-81D4CD3B09FA}.Debug|Any CPU.Build.0 = Debug|Any CPU
		{772F7E92-F3A0-47EE-8FA6-81D4CD3B09FA}.Release|Any CPU.ActiveCfg = Release|Any CPU
		{772F7E92-F3A0-47EE-8FA6-81D4CD3B09FA}.Release|Any CPU.Build.0 = Release|Any CPU
		{E8CD2375-71E4-4E2E-A58A-075D4CDF0296}.Debug|Any CPU.ActiveCfg = Debug|Any CPU
		{E8CD2375-71E4-4E2E-A58A-075D4CDF0296}.Debug|Any CPU.Build.0 = Debug|Any CPU
		{E8CD2375-71E4-4E2E-A58A-075D4CDF0296}.Release|Any CPU.ActiveCfg = Release|Any CPU
		{E8CD2375-71E4-4E2E-A58A-075D4CDF0296}.Release|Any CPU.Build.0 = Release|Any CPU
		{6BC2D6EE-442E-4C34-BA18-073A77949298}.Debug|Any CPU.ActiveCfg = Debug|Any CPU
		{6BC2D6EE-442E-4C34-BA18-073A77949298}.Debug|Any CPU.Build.0 = Debug|Any CPU
		{6BC2D6EE-442E-4C34-BA18-073A77949298}.Release|Any CPU.ActiveCfg = Release|Any CPU
		{6BC2D6EE-442E-4C34-BA18-073A77949298}.Release|Any CPU.Build.0 = Release|Any CPU
		{E1575A26-37D1-46B4-8910-764EC2C8117C}.Debug|Any CPU.ActiveCfg = Debug|Any CPU
		{E1575A26-37D1-46B4-8910-764EC2C8117C}.Debug|Any CPU.Build.0 = Debug|Any CPU
		{E1575A26-37D1-46B4-8910-764EC2C8117C}.Release|Any CPU.ActiveCfg = Release|Any CPU
		{E1575A26-37D1-46B4-8910-764EC2C8117C}.Release|Any CPU.Build.0 = Release|Any CPU
		{714B0093-A60A-488A-93B6-F8850C245103}.Debug|Any CPU.ActiveCfg = Debug|Any CPU
		{714B0093-A60A-488A-93B6-F8850C245103}.Debug|Any CPU.Build.0 = Debug|Any CPU
		{714B0093-A60A-488A-93B6-F8850C245103}.Release|Any CPU.ActiveCfg = Release|Any CPU
		{714B0093-A60A-488A-93B6-F8850C245103}.Release|Any CPU.Build.0 = Release|Any CPU
		{32569ADF-90AD-4E39-B575-51BE866656B3}.Debug|Any CPU.ActiveCfg = Debug|Any CPU
		{32569ADF-90AD-4E39-B575-51BE866656B3}.Debug|Any CPU.Build.0 = Debug|Any CPU
		{32569ADF-90AD-4E39-B575-51BE866656B3}.Release|Any CPU.ActiveCfg = Release|Any CPU
		{32569ADF-90AD-4E39-B575-51BE866656B3}.Release|Any CPU.Build.0 = Release|Any CPU
		{7609D3C6-32E8-4CC5-B195-0854DD5FDAB7}.Debug|Any CPU.ActiveCfg = Debug|Any CPU
		{7609D3C6-32E8-4CC5-B195-0854DD5FDAB7}.Debug|Any CPU.Build.0 = Debug|Any CPU
		{7609D3C6-32E8-4CC5-B195-0854DD5FDAB7}.Release|Any CPU.ActiveCfg = Release|Any CPU
		{7609D3C6-32E8-4CC5-B195-0854DD5FDAB7}.Release|Any CPU.Build.0 = Release|Any CPU
		{9EF7A424-4102-490A-9B05-779580A59110}.Debug|Any CPU.ActiveCfg = Debug|Any CPU
		{9EF7A424-4102-490A-9B05-779580A59110}.Debug|Any CPU.Build.0 = Debug|Any CPU
		{9EF7A424-4102-490A-9B05-779580A59110}.Release|Any CPU.ActiveCfg = Release|Any CPU
		{9EF7A424-4102-490A-9B05-779580A59110}.Release|Any CPU.Build.0 = Release|Any CPU
		{551772B1-2579-4C85-BB53-65ED432AF7FE}.Debug|Any CPU.ActiveCfg = Debug|Any CPU
		{551772B1-2579-4C85-BB53-65ED432AF7FE}.Debug|Any CPU.Build.0 = Debug|Any CPU
		{551772B1-2579-4C85-BB53-65ED432AF7FE}.Release|Any CPU.ActiveCfg = Release|Any CPU
		{551772B1-2579-4C85-BB53-65ED432AF7FE}.Release|Any CPU.Build.0 = Release|Any CPU
		{346EBB86-E036-4BFF-95BC-6BED982A18F6}.Debug|Any CPU.ActiveCfg = Debug|Any CPU
		{346EBB86-E036-4BFF-95BC-6BED982A18F6}.Debug|Any CPU.Build.0 = Debug|Any CPU
		{346EBB86-E036-4BFF-95BC-6BED982A18F6}.Release|Any CPU.ActiveCfg = Release|Any CPU
		{346EBB86-E036-4BFF-95BC-6BED982A18F6}.Release|Any CPU.Build.0 = Release|Any CPU
		{174F1ACF-29A5-4F78-A8AB-8C9801455FEA}.Debug|Any CPU.ActiveCfg = Debug|Any CPU
		{174F1ACF-29A5-4F78-A8AB-8C9801455FEA}.Debug|Any CPU.Build.0 = Debug|Any CPU
		{174F1ACF-29A5-4F78-A8AB-8C9801455FEA}.Release|Any CPU.ActiveCfg = Release|Any CPU
		{174F1ACF-29A5-4F78-A8AB-8C9801455FEA}.Release|Any CPU.Build.0 = Release|Any CPU
		{FB1E5F8A-DA64-43F4-A39A-BC3F8AD6B6F5}.Debug|Any CPU.ActiveCfg = Debug|Any CPU
		{FB1E5F8A-DA64-43F4-A39A-BC3F8AD6B6F5}.Debug|Any CPU.Build.0 = Debug|Any CPU
		{FB1E5F8A-DA64-43F4-A39A-BC3F8AD6B6F5}.Release|Any CPU.ActiveCfg = Release|Any CPU
		{FB1E5F8A-DA64-43F4-A39A-BC3F8AD6B6F5}.Release|Any CPU.Build.0 = Release|Any CPU
		{B63E98F3-4A83-4573-8110-6C2D1E4FDBE2}.Debug|Any CPU.ActiveCfg = Debug|Any CPU
		{B63E98F3-4A83-4573-8110-6C2D1E4FDBE2}.Debug|Any CPU.Build.0 = Debug|Any CPU
		{B63E98F3-4A83-4573-8110-6C2D1E4FDBE2}.Release|Any CPU.ActiveCfg = Release|Any CPU
		{B63E98F3-4A83-4573-8110-6C2D1E4FDBE2}.Release|Any CPU.Build.0 = Release|Any CPU
		{43772552-BB39-43E8-A3DC-B2C5264953D0}.Debug|Any CPU.ActiveCfg = Debug|Any CPU
		{43772552-BB39-43E8-A3DC-B2C5264953D0}.Debug|Any CPU.Build.0 = Debug|Any CPU
		{43772552-BB39-43E8-A3DC-B2C5264953D0}.Release|Any CPU.ActiveCfg = Release|Any CPU
		{43772552-BB39-43E8-A3DC-B2C5264953D0}.Release|Any CPU.Build.0 = Release|Any CPU
		{E7C6D5B1-92B5-4D8C-8F15-6DDDE1A49500}.Debug|Any CPU.ActiveCfg = Debug|Any CPU
		{E7C6D5B1-92B5-4D8C-8F15-6DDDE1A49500}.Debug|Any CPU.Build.0 = Debug|Any CPU
		{E7C6D5B1-92B5-4D8C-8F15-6DDDE1A49500}.Release|Any CPU.ActiveCfg = Release|Any CPU
		{E7C6D5B1-92B5-4D8C-8F15-6DDDE1A49500}.Release|Any CPU.Build.0 = Release|Any CPU
		{5148A859-80D9-44B9-8DF2-186D6ABA74FA}.Debug|Any CPU.ActiveCfg = Debug|Any CPU
		{5148A859-80D9-44B9-8DF2-186D6ABA74FA}.Debug|Any CPU.Build.0 = Debug|Any CPU
		{5148A859-80D9-44B9-8DF2-186D6ABA74FA}.Release|Any CPU.ActiveCfg = Release|Any CPU
		{5148A859-80D9-44B9-8DF2-186D6ABA74FA}.Release|Any CPU.Build.0 = Release|Any CPU
		{BE6A7711-6F56-452E-BEC6-4992C85DE2C9}.Debug|Any CPU.ActiveCfg = Debug|Any CPU
		{BE6A7711-6F56-452E-BEC6-4992C85DE2C9}.Debug|Any CPU.Build.0 = Debug|Any CPU
		{BE6A7711-6F56-452E-BEC6-4992C85DE2C9}.Release|Any CPU.ActiveCfg = Release|Any CPU
		{BE6A7711-6F56-452E-BEC6-4992C85DE2C9}.Release|Any CPU.Build.0 = Release|Any CPU
		{244343B1-3EB4-417B-A73D-14CE72A4FA3E}.Debug|Any CPU.ActiveCfg = Debug|Any CPU
		{244343B1-3EB4-417B-A73D-14CE72A4FA3E}.Debug|Any CPU.Build.0 = Debug|Any CPU
		{244343B1-3EB4-417B-A73D-14CE72A4FA3E}.Release|Any CPU.ActiveCfg = Release|Any CPU
		{244343B1-3EB4-417B-A73D-14CE72A4FA3E}.Release|Any CPU.Build.0 = Release|Any CPU
		{B123642D-F735-4423-9E09-83411597D3F5}.Debug|Any CPU.ActiveCfg = Debug|Any CPU
		{B123642D-F735-4423-9E09-83411597D3F5}.Debug|Any CPU.Build.0 = Debug|Any CPU
		{B123642D-F735-4423-9E09-83411597D3F5}.Release|Any CPU.ActiveCfg = Release|Any CPU
		{B123642D-F735-4423-9E09-83411597D3F5}.Release|Any CPU.Build.0 = Release|Any CPU
		{09ACC7D0-4079-4554-8050-D59E818D2FB4}.Debug|Any CPU.ActiveCfg = Debug|Any CPU
		{09ACC7D0-4079-4554-8050-D59E818D2FB4}.Debug|Any CPU.Build.0 = Debug|Any CPU
		{09ACC7D0-4079-4554-8050-D59E818D2FB4}.Release|Any CPU.ActiveCfg = Release|Any CPU
		{09ACC7D0-4079-4554-8050-D59E818D2FB4}.Release|Any CPU.Build.0 = Release|Any CPU
		{9F6EC4A7-DD4C-43D7-981C-090309BD15E4}.Debug|Any CPU.ActiveCfg = Debug|Any CPU
		{9F6EC4A7-DD4C-43D7-981C-090309BD15E4}.Debug|Any CPU.Build.0 = Debug|Any CPU
		{9F6EC4A7-DD4C-43D7-981C-090309BD15E4}.Release|Any CPU.ActiveCfg = Release|Any CPU
		{9F6EC4A7-DD4C-43D7-981C-090309BD15E4}.Release|Any CPU.Build.0 = Release|Any CPU
		{DFB6787A-B215-43B0-9636-A37E66C3BF6A}.Debug|Any CPU.ActiveCfg = Debug|Any CPU
		{DFB6787A-B215-43B0-9636-A37E66C3BF6A}.Debug|Any CPU.Build.0 = Debug|Any CPU
		{DFB6787A-B215-43B0-9636-A37E66C3BF6A}.Release|Any CPU.ActiveCfg = Release|Any CPU
		{DFB6787A-B215-43B0-9636-A37E66C3BF6A}.Release|Any CPU.Build.0 = Release|Any CPU
		{1698BE8E-3514-4F9A-92A5-89932D7C4C0D}.Debug|Any CPU.ActiveCfg = Debug|Any CPU
		{1698BE8E-3514-4F9A-92A5-89932D7C4C0D}.Debug|Any CPU.Build.0 = Debug|Any CPU
		{1698BE8E-3514-4F9A-92A5-89932D7C4C0D}.Release|Any CPU.ActiveCfg = Release|Any CPU
		{1698BE8E-3514-4F9A-92A5-89932D7C4C0D}.Release|Any CPU.Build.0 = Release|Any CPU
		{CEC0E390-78AA-412A-B4ED-8D1640BB2F68}.Debug|Any CPU.ActiveCfg = Debug|Any CPU
		{CEC0E390-78AA-412A-B4ED-8D1640BB2F68}.Debug|Any CPU.Build.0 = Debug|Any CPU
		{CEC0E390-78AA-412A-B4ED-8D1640BB2F68}.Release|Any CPU.ActiveCfg = Release|Any CPU
		{CEC0E390-78AA-412A-B4ED-8D1640BB2F68}.Release|Any CPU.Build.0 = Release|Any CPU
		{7BCFB242-E0FF-4CA0-85C4-92647AEBC0C8}.Debug|Any CPU.ActiveCfg = Debug|Any CPU
		{7BCFB242-E0FF-4CA0-85C4-92647AEBC0C8}.Debug|Any CPU.Build.0 = Debug|Any CPU
		{7BCFB242-E0FF-4CA0-85C4-92647AEBC0C8}.Release|Any CPU.ActiveCfg = Release|Any CPU
		{7BCFB242-E0FF-4CA0-85C4-92647AEBC0C8}.Release|Any CPU.Build.0 = Release|Any CPU
		{396FC249-6980-408E-BB28-7C192EE3DD92}.Debug|Any CPU.ActiveCfg = Debug|Any CPU
		{396FC249-6980-408E-BB28-7C192EE3DD92}.Debug|Any CPU.Build.0 = Debug|Any CPU
		{396FC249-6980-408E-BB28-7C192EE3DD92}.Release|Any CPU.ActiveCfg = Release|Any CPU
		{396FC249-6980-408E-BB28-7C192EE3DD92}.Release|Any CPU.Build.0 = Release|Any CPU
		{CA0E7984-3F51-4051-A999-060D073A6759}.Debug|Any CPU.ActiveCfg = Debug|Any CPU
		{CA0E7984-3F51-4051-A999-060D073A6759}.Debug|Any CPU.Build.0 = Debug|Any CPU
		{CA0E7984-3F51-4051-A999-060D073A6759}.Release|Any CPU.ActiveCfg = Release|Any CPU
		{CA0E7984-3F51-4051-A999-060D073A6759}.Release|Any CPU.Build.0 = Release|Any CPU
		{4B014849-F1C3-436E-969E-F5EDAC6453FA}.Debug|Any CPU.ActiveCfg = Debug|Any CPU
		{4B014849-F1C3-436E-969E-F5EDAC6453FA}.Debug|Any CPU.Build.0 = Debug|Any CPU
		{4B014849-F1C3-436E-969E-F5EDAC6453FA}.Release|Any CPU.ActiveCfg = Release|Any CPU
		{4B014849-F1C3-436E-969E-F5EDAC6453FA}.Release|Any CPU.Build.0 = Release|Any CPU
		{C61E22C8-7BCA-4C30-92D0-BB1217F9AA03}.Debug|Any CPU.ActiveCfg = Debug|Any CPU
		{C61E22C8-7BCA-4C30-92D0-BB1217F9AA03}.Debug|Any CPU.Build.0 = Debug|Any CPU
		{C61E22C8-7BCA-4C30-92D0-BB1217F9AA03}.Release|Any CPU.ActiveCfg = Release|Any CPU
		{C61E22C8-7BCA-4C30-92D0-BB1217F9AA03}.Release|Any CPU.Build.0 = Release|Any CPU
		{D52018C8-60A9-4CEF-BF85-D0F1D894B912}.Debug|Any CPU.ActiveCfg = Debug|Any CPU
		{D52018C8-60A9-4CEF-BF85-D0F1D894B912}.Debug|Any CPU.Build.0 = Debug|Any CPU
		{D52018C8-60A9-4CEF-BF85-D0F1D894B912}.Release|Any CPU.ActiveCfg = Release|Any CPU
		{D52018C8-60A9-4CEF-BF85-D0F1D894B912}.Release|Any CPU.Build.0 = Release|Any CPU
		{DFF8505D-EEF0-4CE8-8DB6-88D3916CCDF1}.Debug|Any CPU.ActiveCfg = Debug|Any CPU
		{DFF8505D-EEF0-4CE8-8DB6-88D3916CCDF1}.Debug|Any CPU.Build.0 = Debug|Any CPU
		{DFF8505D-EEF0-4CE8-8DB6-88D3916CCDF1}.Release|Any CPU.ActiveCfg = Release|Any CPU
		{DFF8505D-EEF0-4CE8-8DB6-88D3916CCDF1}.Release|Any CPU.Build.0 = Release|Any CPU
		{16CABF07-62FE-4FB2-AF4D-166BD503210C}.Debug|Any CPU.ActiveCfg = Debug|Any CPU
		{16CABF07-62FE-4FB2-AF4D-166BD503210C}.Debug|Any CPU.Build.0 = Debug|Any CPU
		{16CABF07-62FE-4FB2-AF4D-166BD503210C}.Release|Any CPU.ActiveCfg = Release|Any CPU
		{16CABF07-62FE-4FB2-AF4D-166BD503210C}.Release|Any CPU.Build.0 = Release|Any CPU
		{70E4C856-9E06-45DD-B5D9-FDF57F4E58F0}.Debug|Any CPU.ActiveCfg = Debug|Any CPU
		{70E4C856-9E06-45DD-B5D9-FDF57F4E58F0}.Debug|Any CPU.Build.0 = Debug|Any CPU
		{70E4C856-9E06-45DD-B5D9-FDF57F4E58F0}.Release|Any CPU.ActiveCfg = Release|Any CPU
		{70E4C856-9E06-45DD-B5D9-FDF57F4E58F0}.Release|Any CPU.Build.0 = Release|Any CPU
		{21740915-CF2D-4327-BF6C-09DEAEFB1479}.Debug|Any CPU.ActiveCfg = Debug|Any CPU
		{21740915-CF2D-4327-BF6C-09DEAEFB1479}.Debug|Any CPU.Build.0 = Debug|Any CPU
		{21740915-CF2D-4327-BF6C-09DEAEFB1479}.Release|Any CPU.ActiveCfg = Release|Any CPU
		{21740915-CF2D-4327-BF6C-09DEAEFB1479}.Release|Any CPU.Build.0 = Release|Any CPU
		{B9029E86-6BCB-453F-AF66-8D9EDFC58728}.Debug|Any CPU.ActiveCfg = Debug|Any CPU
		{B9029E86-6BCB-453F-AF66-8D9EDFC58728}.Debug|Any CPU.Build.0 = Debug|Any CPU
		{B9029E86-6BCB-453F-AF66-8D9EDFC58728}.Release|Any CPU.ActiveCfg = Release|Any CPU
		{B9029E86-6BCB-453F-AF66-8D9EDFC58728}.Release|Any CPU.Build.0 = Release|Any CPU
		{7D38650A-627A-45BF-AD5D-08E89AA904CF}.Debug|Any CPU.ActiveCfg = Debug|Any CPU
		{7D38650A-627A-45BF-AD5D-08E89AA904CF}.Debug|Any CPU.Build.0 = Debug|Any CPU
		{7D38650A-627A-45BF-AD5D-08E89AA904CF}.Release|Any CPU.ActiveCfg = Release|Any CPU
		{7D38650A-627A-45BF-AD5D-08E89AA904CF}.Release|Any CPU.Build.0 = Release|Any CPU
	EndGlobalSection
	GlobalSection(SolutionProperties) = preSolution
		HideSolutionNode = FALSE
	EndGlobalSection
	GlobalSection(NestedProjects) = preSolution
		{463B63D4-EAD2-4FB2-9851-40F0793A1F88} = {4D3C0B85-E051-47BE-975A-4448B01692C5}
		{CC9EE62B-E109-4B03-AB21-69E3DB35E388} = {3C7518A7-A4C2-4A37-AF3C-3F4593D8C15F}
		{E50B6C09-A906-4A09-B35E-401C66D20A81} = {F02297F5-743A-4F8F-B82E-5825183EE725}
		{A8033FAB-8C0C-49B3-8252-02416C5E307B} = {6CB5828C-1213-4968-9195-3D08E0DD125E}
		{1131C509-7620-47A0-86CA-D711C4D1BD98} = {6CB5828C-1213-4968-9195-3D08E0DD125E}
		{4B822172-8ABB-44BF-AED6-18E871F935E8} = {6CB5828C-1213-4968-9195-3D08E0DD125E}
		{B37E232E-4710-4260-A65D-FA7DE7E42478} = {6CB5828C-1213-4968-9195-3D08E0DD125E}
		{9770E776-B23C-43D8-BBA5-1DCD2DA26DAA} = {6CB5828C-1213-4968-9195-3D08E0DD125E}
		{2CBF40A2-3281-4BFB-909A-D9412E191316} = {9062B1DC-241F-410E-96DE-7B8E1565C4AF}
		{2631ACE0-5235-4E3A-B7B4-34FE5549A655} = {1CEAB379-854A-4678-BBF3-A119117042E3}
		{4A5D3405-C760-4979-8B57-8C0DCB6CE09A} = {1CEAB379-854A-4678-BBF3-A119117042E3}
		{E121384E-2157-4B35-AECB-27176A0C8A1B} = {A1D314EC-D2E5-4D8A-BC80-FE14EECF9655}
		{22F3CAA4-F101-4784-9F27-3283779A8F77} = {A1D314EC-D2E5-4D8A-BC80-FE14EECF9655}
		{0F587E11-B0A0-42CE-A83A-953B03F7B5DB} = {A1D314EC-D2E5-4D8A-BC80-FE14EECF9655}
		{91D75A57-CE30-4770-823B-538D1C4D1BF9} = {A1D314EC-D2E5-4D8A-BC80-FE14EECF9655}
		{772F7E92-F3A0-47EE-8FA6-81D4CD3B09FA} = {88DE9842-FEBB-4B52-9513-BDB0FB653532}
		{E8CD2375-71E4-4E2E-A58A-075D4CDF0296} = {5B868A63-9505-4773-9E70-576EAE6D1BDC}
		{6BC2D6EE-442E-4C34-BA18-073A77949298} = {5B868A63-9505-4773-9E70-576EAE6D1BDC}
		{E1575A26-37D1-46B4-8910-764EC2C8117C} = {5B868A63-9505-4773-9E70-576EAE6D1BDC}
		{714B0093-A60A-488A-93B6-F8850C245103} = {5B868A63-9505-4773-9E70-576EAE6D1BDC}
		{32569ADF-90AD-4E39-B575-51BE866656B3} = {5B868A63-9505-4773-9E70-576EAE6D1BDC}
		{7609D3C6-32E8-4CC5-B195-0854DD5FDAB7} = {810AC1CE-E238-49E5-9A3C-CDD89640D91A}
		{9EF7A424-4102-490A-9B05-779580A59110} = {C67EBDAE-2393-4C21-9F45-29E367757E66}
		{551772B1-2579-4C85-BB53-65ED432AF7FE} = {C67EBDAE-2393-4C21-9F45-29E367757E66}
		{346EBB86-E036-4BFF-95BC-6BED982A18F6} = {C67EBDAE-2393-4C21-9F45-29E367757E66}
		{174F1ACF-29A5-4F78-A8AB-8C9801455FEA} = {C67EBDAE-2393-4C21-9F45-29E367757E66}
		{FB1E5F8A-DA64-43F4-A39A-BC3F8AD6B6F5} = {C67EBDAE-2393-4C21-9F45-29E367757E66}
		{B63E98F3-4A83-4573-8110-6C2D1E4FDBE2} = {C67EBDAE-2393-4C21-9F45-29E367757E66}
		{43772552-BB39-43E8-A3DC-B2C5264953D0} = {C67EBDAE-2393-4C21-9F45-29E367757E66}
		{E7C6D5B1-92B5-4D8C-8F15-6DDDE1A49500} = {C67EBDAE-2393-4C21-9F45-29E367757E66}
		{5148A859-80D9-44B9-8DF2-186D6ABA74FA} = {C67EBDAE-2393-4C21-9F45-29E367757E66}
		{BE6A7711-6F56-452E-BEC6-4992C85DE2C9} = {C67EBDAE-2393-4C21-9F45-29E367757E66}
		{244343B1-3EB4-417B-A73D-14CE72A4FA3E} = {C67EBDAE-2393-4C21-9F45-29E367757E66}
		{B123642D-F735-4423-9E09-83411597D3F5} = {B9BE49B4-6B03-4363-8641-50E5B0A61828}
		{09ACC7D0-4079-4554-8050-D59E818D2FB4} = {B9BE49B4-6B03-4363-8641-50E5B0A61828}
		{9F6EC4A7-DD4C-43D7-981C-090309BD15E4} = {B9BE49B4-6B03-4363-8641-50E5B0A61828}
		{DFB6787A-B215-43B0-9636-A37E66C3BF6A} = {B9BE49B4-6B03-4363-8641-50E5B0A61828}
		{1698BE8E-3514-4F9A-92A5-89932D7C4C0D} = {C67EBDAE-2393-4C21-9F45-29E367757E66}
		{CEC0E390-78AA-412A-B4ED-8D1640BB2F68} = {B9BE49B4-6B03-4363-8641-50E5B0A61828}
		{7BCFB242-E0FF-4CA0-85C4-92647AEBC0C8} = {C38F8F88-1477-4022-9CCE-B56E49A590DB}
		{396FC249-6980-408E-BB28-7C192EE3DD92} = {C38F8F88-1477-4022-9CCE-B56E49A590DB}
		{CA0E7984-3F51-4051-A999-060D073A6759} = {C38F8F88-1477-4022-9CCE-B56E49A590DB}
		{4B014849-F1C3-436E-969E-F5EDAC6453FA} = {C38F8F88-1477-4022-9CCE-B56E49A590DB}
		{C61E22C8-7BCA-4C30-92D0-BB1217F9AA03} = {043A3925-ABD3-4658-8D1D-B119FD077940}
		{D52018C8-60A9-4CEF-BF85-D0F1D894B912} = {043A3925-ABD3-4658-8D1D-B119FD077940}
		{DFF8505D-EEF0-4CE8-8DB6-88D3916CCDF1} = {043A3925-ABD3-4658-8D1D-B119FD077940}
	EndGlobalSection
	GlobalSection(ExtensibilityGlobals) = postSolution
		SolutionGuid = {73BB807C-5087-4653-B94F-F9641CC2FDDA}
	EndGlobalSection
EndGlobal
